
Microsoft Visual Studio Solution File, Format Version 12.00
# Visual Studio Version 17
VisualStudioVersion = 17.1.32414.318
MinimumVisualStudioVersion = 10.0.40219.1
Project("{FAE04EC0-301F-11D3-BF4B-00C04F79EFBC}") = "FadokoBackendV3", "FadokoBackendV3\FadokoBackendV3.csproj", "{1A8251EA-37A6-4A1E-93EE-2FAC70439BBB}"
EndProject
Global
	GlobalSection(SolutionConfigurationPlatforms) = preSolution
		Debug|Any CPU = Debug|Any CPU
		Release|Any CPU = Release|Any CPU
	EndGlobalSection
	GlobalSection(ProjectConfigurationPlatforms) = postSolution
		{1A8251EA-37A6-4A1E-93EE-2FAC70439BBB}.Debug|Any CPU.ActiveCfg = Debug|Any CPU
		{1A8251EA-37A6-4A1E-93EE-2FAC70439BBB}.Debug|Any CPU.Build.0 = Debug|Any CPU
		{1A8251EA-37A6-4A1E-93EE-2FAC70439BBB}.Release|Any CPU.ActiveCfg = Release|Any CPU
		{1A8251EA-37A6-4A1E-93EE-2FAC70439BBB}.Release|Any CPU.Build.0 = Release|Any CPU
	EndGlobalSection
	GlobalSection(SolutionProperties) = preSolution
		HideSolutionNode = FALSE
	EndGlobalSection
	GlobalSection(ExtensibilityGlobals) = postSolution
		SolutionGuid = {93F8DB61-DFEC-4520-93DA-F34C2CC00E8F}
	EndGlobalSection
EndGlobal
